<Solution>
  <Project Path="../tests/PulseTerm.App.Tests/PulseTerm.App.Tests.csproj" />
  <Project Path="../tests/PulseTerm.Core.Tests/PulseTerm.Core.Tests.csproj" />
  <Project Path="../tests/PulseTerm.Terminal.Tests/PulseTerm.Terminal.Tests.csproj" />
  <Project Path="PulseTerm.App/PulseTerm.App.csproj" />
  <Project Path="PulseTerm.Core/PulseTerm.Core.csproj" />
  <Project Path="PulseTerm.Terminal/PulseTerm.Terminal.csproj" />
</Solution>
